// !$*UTF8*$!
{
	archiveVersion = 1;
	classes = {
	};
	objectVersion = 46;
	objects = {

/* Begin PBXBuildFile section */
		4C4CEA021BAD3A01001D9DD8 /* main.m in Sources */ = {isa = PBXBuildFile; fileRef = 4C4CEA011BAD3A01001D9DD8 /* main.m */; };
		4C4CEA051BAD3A01001D9DD8 /* AppDelegate.m in Sources */ = {isa = PBXBuildFile; fileRef = 4C4CEA041BAD3A01001D9DD8 /* AppDelegate.m */; };
		4C4CEA081BAD3A01001D9DD8 /* ViewController.m in Sources */ = {isa = PBXBuildFile; fileRef = 4C4CEA071BAD3A01001D9DD8 /* ViewController.m */; };
		4C4CEA0B1BAD3A01001D9DD8 /* Main.storyboard in Resources */ = {isa = PBXBuildFile; fileRef = 4C4CEA091BAD3A01001D9DD8 /* Main.storyboard */; };
		4C4CEA0D1BAD3A01001D9DD8 /* Assets.xcassets in Resources */ = {isa = PBXBuildFile; fileRef = 4C4CEA0C1BAD3A01001D9DD8 /* Assets.xcassets */; };
		4C4CEA101BAD3A01001D9DD8 /* LaunchScreen.storyboard in Resources */ = {isa = PBXBuildFile; fileRef = 4C4CEA0E1BAD3A01001D9DD8 /* LaunchScreen.storyboard */; };
		4C4CEA1B1BAD3A01001D9DD8 /* _9___Tests.m in Sources */ = {isa = PBXBuildFile; fileRef = 4C4CEA1A1BAD3A01001D9DD8 /* _9___Tests.m */; };
		4C4CEA261BAD3A01001D9DD8 /* _9___UITests.m in Sources */ = {isa = PBXBuildFile; fileRef = 4C4CEA251BAD3A01001D9DD8 /* _9___UITests.m */; };
/* End PBXBuildFile section */

/* Begin PBXContainerItemProxy section */
		4C4CEA171BAD3A01001D9DD8 /* PBXContainerItemProxy */ = {
			isa = PBXContainerItemProxy;
			containerPortal = 4C4CE9F51BAD3A01001D9DD8 /* Project object */;
			proxyType = 1;
			remoteGlobalIDString = 4C4CE9FC1BAD3A01001D9DD8;
			remoteInfo = "09-彩票";
		};
		4C4CEA221BAD3A01001D9DD8 /* PBXContainerItemProxy */ = {
			isa = PBXContainerItemProxy;
			containerPortal = 4C4CE9F51BAD3A01001D9DD8 /* Project object */;
			proxyType = 1;
			remoteGlobalIDString = 4C4CE9FC1BAD3A01001D9DD8;
			remoteInfo = "09-彩票";
		};
/* End PBXContainerItemProxy section */

/* Begin PBXFileReference section */
		4C4CE9FD1BAD3A01001D9DD8 /* 09-彩票.app */ = {isa = PBXFileReference; explicitFileType = wrapper.application; includeInIndex = 0; path = "09-彩票.app"; sourceTree = BUILT_PRODUCTS_DIR; };
		4C4CEA011BAD3A01001D9DD8 /* main.m */ = {isa = PBXFileReference; lastKnownFileType = sourcecode.c.objc; path = main.m; sourceTree = "<group>"; };
		4C4CEA031BAD3A01001D9DD8 /* AppDelegate.h */ = {isa = PBXFileReference; lastKnownFileType = sourcecode.c.h; path = AppDelegate.h; sourceTree = "<group>"; };
		4C4CEA041BAD3A01001D9DD8 /* AppDelegate.m */ = {isa = PBXFileReference; lastKnownFileType = sourcecode.c.objc; path = AppDelegate.m; sourceTree = "<group>"; };
		4C4CEA061BAD3A01001D9DD8 /* ViewController.h */ = {isa = PBXFileReference; lastKnownFileType = sourcecode.c.h; path = ViewController.h; sourceTree = "<group>"; };
		4C4CEA071BAD3A01001D9DD8 /* ViewController.m */ = {isa = PBXFileReference; lastKnownFileType = sourcecode.c.objc; path = ViewController.m; sourceTree = "<group>"; };
		4C4CEA0A1BAD3A01001D9DD8 /* Base */ = {isa = PBXFileReference; lastKnownFileType = file.storyboard; name = Base; path = Base.lproj/Main.storyboard; sourceTree = "<group>"; };
		4C4CEA0C1BAD3A01001D9DD8 /* Assets.xcassets */ = {isa = PBXFileReference; lastKnownFileType = folder.assetcatalog; path = Assets.xcassets; sourceTree = "<group>"; };
		4C4CEA0F1BAD3A01001D9DD8 /* Base */ = {isa = PBXFileReference; lastKnownFileType = file.storyboard; name = Base; path = Base.lproj/LaunchScreen.storyboard; sourceTree = "<group>"; };
		4C4CEA111BAD3A01001D9DD8 /* Info.plist */ = {isa = PBXFileReference; lastKnownFileType = text.plist.xml; path = Info.plist; sourceTree = "<group>"; };
		4C4CEA161BAD3A01001D9DD8 /* 09-彩票Tests.xctest */ = {isa = PBXFileReference; explicitFileType = wrapper.cfbundle; includeInIndex = 0; path = "09-彩票Tests.xctest"; sourceTree = BUILT_PRODUCTS_DIR; };
		4C4CEA1A1BAD3A01001D9DD8 /* _9___Tests.m */ = {isa = PBXFileReference; lastKnownFileType = sourcecode.c.objc; path = "_9___Tests.m"; sourceTree = "<group>"; };
		4C4CEA1C1BAD3A01001D9DD8 /* Info.plist */ = {isa = PBXFileReference; lastKnownFileType = text.plist.xml; path = Info.plist; sourceTree = "<group>"; };
		4C4CEA211BAD3A01001D9DD8 /* 09-彩票UITests.xctest */ = {isa = PBXFileReference; explicitFileType = wrapper.cfbundle; includeInIndex = 0; path = "09-彩票UITests.xctest"; sourceTree = BUILT_PRODUCTS_DIR; };
		4C4CEA251BAD3A01001D9DD8 /* _9___UITests.m */ = {isa = PBXFileReference; lastKnownFileType = sourcecode.c.objc; path = "_9___UITests.m"; sourceTree = "<group>"; };
		4C4CEA271BAD3A01001D9DD8 /* Info.plist */ = {isa = PBXFileReference; lastKnownFileType = text.plist.xml; path = Info.plist; sourceTree = "<group>"; };
/* End PBXFileReference section */

/* Begin PBXFrameworksBuildPhase section */
		4C4CE9FA1BAD3A01001D9DD8 /* Frameworks */ = {
			isa = PBXFrameworksBuildPhase;
			buildActionMask = 2147483647;
			files = (
			);
			runOnlyForDeploymentPostprocessing = 0;
		};
		4C4CEA131BAD3A01001D9DD8 /* Frameworks */ = {
			isa = PBXFrameworksBuildPhase;
			buildActionMask = 2147483647;
			files = (
			);
			runOnlyForDeploymentPostprocessing = 0;
		};
		4C4CEA1E1BAD3A01001D9DD8 /* Frameworks */ = {
			isa = PBXFrameworksBuildPhase;
			buildActionMask = 2147483647;
			files = (
			);
			runOnlyForDeploymentPostprocessing = 0;
		};
/* End PBXFrameworksBuildPhase section */

/* Begin PBXGroup section */
		4C4CE9F41BAD3A01001D9DD8 = {
			isa = PBXGroup;
			children = (
				4C4CE9FF1BAD3A01001D9DD8 /* 09-彩票 */,
				4C4CEA191BAD3A01001D9DD8 /* 09-彩票Tests */,
				4C4CEA241BAD3A01001D9DD8 /* 09-彩票UITests */,
				4C4CE9FE1BAD3A01001D9DD8 /* Products */,
			);
			sourceTree = "<group>";
		};
		4C4CE9FE1BAD3A01001D9DD8 /* Products */ = {
			isa = PBXGroup;
			children = (
				4C4CE9FD1BAD3A01001D9DD8 /* 09-彩票.app */,
				4C4CEA161BAD3A01001D9DD8 /* 09-彩票Tests.xctest */,
				4C4CEA211BAD3A01001D9DD8 /* 09-彩票UITests.xctest */,
			);
			name = Products;
			sourceTree = "<group>";
		};
		4C4CE9FF1BAD3A01001D9DD8 /* 09-彩票 */ = {
			isa = PBXGroup;
			children = (
				4C4CEA031BAD3A01001D9DD8 /* AppDelegate.h */,
				4C4CEA041BAD3A01001D9DD8 /* AppDelegate.m */,
				4C4CEA061BAD3A01001D9DD8 /* ViewController.h */,
				4C4CEA071BAD3A01001D9DD8 /* ViewController.m */,
				4C4CEA091BAD3A01001D9DD8 /* Main.storyboard */,
				4C4CEA0C1BAD3A01001D9DD8 /* Assets.xcassets */,
				4C4CEA0E1BAD3A01001D9DD8 /* LaunchScreen.storyboard */,
				4C4CEA111BAD3A01001D9DD8 /* Info.plist */,
				4C4CEA001BAD3A01001D9DD8 /* Supporting Files */,
			);
			path = "09-彩票";
			sourceTree = "<group>";
		};
		4C4CEA001BAD3A01001D9DD8 /* Supporting Files */ = {
			isa = PBXGroup;
			children = (
				4C4CEA011BAD3A01001D9DD8 /* main.m */,
			);
			name = "Supporting Files";
			sourceTree = "<group>";
		};
		4C4CEA191BAD3A01001D9DD8 /* 09-彩票Tests */ = {
			isa = PBXGroup;
			children = (
				4C4CEA1A1BAD3A01001D9DD8 /* _9___Tests.m */,
				4C4CEA1C1BAD3A01001D9DD8 /* Info.plist */,
			);
			path = "09-彩票Tests";
			sourceTree = "<group>";
		};
		4C4CEA241BAD3A01001D9DD8 /* 09-彩票UITests */ = {
			isa = PBXGroup;
			children = (
				4C4CEA251BAD3A01001D9DD8 /* _9___UITests.m */,
				4C4CEA271BAD3A01001D9DD8 /* Info.plist */,
			);
			path = "09-彩票UITests";
			sourceTree = "<group>";
		};
/* End PBXGroup section */

/* Begin PBXNativeTarget section */
		4C4CE9FC1BAD3A01001D9DD8 /* 09-彩票 */ = {
			isa = PBXNativeTarget;
			buildConfigurationList = 4C4CEA2A1BAD3A01001D9DD8 /* Build configuration list for PBXNativeTarget "09-彩票" */;
			buildPhases = (
				4C4CE9F91BAD3A01001D9DD8 /* Sources */,
				4C4CE9FA1BAD3A01001D9DD8 /* Frameworks */,
				4C4CE9FB1BAD3A01001D9DD8 /* Resources */,
			);
			buildRules = (
			);
			dependencies = (
			);
			name = "09-彩票";
			productName = "09-彩票";
			productReference = 4C4CE9FD1BAD3A01001D9DD8 /* 09-彩票.app */;
			productType = "com.apple.product-type.application";
		};
		4C4CEA151BAD3A01001D9DD8 /* 09-彩票Tests */ = {
			isa = PBXNativeTarget;
			buildConfigurationList = 4C4CEA2D1BAD3A01001D9DD8 /* Build configuration list for PBXNativeTarget "09-彩票Tests" */;
			buildPhases = (
				4C4CEA121BAD3A01001D9DD8 /* Sources */,
				4C4CEA131BAD3A01001D9DD8 /* Frameworks */,
				4C4CEA141BAD3A01001D9DD8 /* Resources */,
			);
			buildRules = (
			);
			dependencies = (
				4C4CEA181BAD3A01001D9DD8 /* PBXTargetDependency */,
			);
			name = "09-彩票Tests";
			productName = "09-彩票Tests";
			productReference = 4C4CEA161BAD3A01001D9DD8 /* 09-彩票Tests.xctest */;
			productType = "com.apple.product-type.bundle.unit-test";
		};
		4C4CEA201BAD3A01001D9DD8 /* 09-彩票UITests */ = {
			isa = PBXNativeTarget;
			buildConfigurationList = 4C4CEA301BAD3A01001D9DD8 /* Build configuration list for PBXNativeTarget "09-彩票UITests" */;
			buildPhases = (
				4C4CEA1D1BAD3A01001D9DD8 /* Sources */,
				4C4CEA1E1BAD3A01001D9DD8 /* Frameworks */,
				4C4CEA1F1BAD3A01001D9DD8 /* Resources */,
			);
			buildRules = (
			);
			dependencies = (
				4C4CEA231BAD3A01001D9DD8 /* PBXTargetDependency */,
			);
			name = "09-彩票UITests";
			productName = "09-彩票UITests";
			productReference = 4C4CEA211BAD3A01001D9DD8 /* 09-彩票UITests.xctest */;
			productType = "com.apple.product-type.bundle.ui-testing";
		};
/* End PBXNativeTarget section */

/* Begin PBXProject section */
		4C4CE9F51BAD3A01001D9DD8 /* Project object */ = {
			isa = PBXProject;
			attributes = {
				LastUpgradeCheck = 0700;
				ORGANIZATIONNAME = "朱仕俊";
				TargetAttributes = {
					4C4CE9FC1BAD3A01001D9DD8 = {
						CreatedOnToolsVersion = 7.0;
					};
					4C4CEA151BAD3A01001D9DD8 = {
						CreatedOnToolsVersion = 7.0;
						TestTargetID = 4C4CE9FC1BAD3A01001D9DD8;
					};
					4C4CEA201BAD3A01001D9DD8 = {
						CreatedOnToolsVersion = 7.0;
						TestTargetID = 4C4CE9FC1BAD3A01001D9DD8;
					};
				};
			};
			buildConfigurationList = 4C4CE9F81BAD3A01001D9DD8 /* Build configuration list for PBXProject "09-彩票" */;
			compatibilityVersion = "Xcode 3.2";
			developmentRegion = English;
			hasScannedForEncodings = 0;
			knownRegions = (
				en,
				Base,
			);
			mainGroup = 4C4CE9F41BAD3A01001D9DD8;
			productRefGroup = 4C4CE9FE1BAD3A01001D9DD8 /* Products */;
			projectDirPath = "";
			projectRoot = "";
			targets = (
				4C4CE9FC1BAD3A01001D9DD8 /* 09-彩票 */,
				4C4CEA151BAD3A01001D9DD8 /* 09-彩票Tests */,
				4C4CEA201BAD3A01001D9DD8 /* 09-彩票UITests */,
			);
		};
/* End PBXProject section */

/* Begin PBXResourcesBuildPhase section */
		4C4CE9FB1BAD3A01001D9DD8 /* Resources */ = {
			isa = PBXResourcesBuildPhase;
			buildActionMask = 2147483647;
			files = (
				4C4CEA101BAD3A01001D9DD8 /* LaunchScreen.storyboard in Resources */,
				4C4CEA0D1BAD3A01001D9DD8 /* Assets.xcassets in Resources */,
				4C4CEA0B1BAD3A01001D9DD8 /* Main.storyboard in Resources */,
			);
			runOnlyForDeploymentPostprocessing = 0;
		};
		4C4CEA141BAD3A01001D9DD8 /* Resources */ = {
			isa = PBXResourcesBuildPhase;
			buildActionMask = 2147483647;
			files = (
			);
			runOnlyForDeploymentPostprocessing = 0;
		};
		4C4CEA1F1BAD3A01001D9DD8 /* Resources */ = {
			isa = PBXResourcesBuildPhase;
			buildActionMask = 2147483647;
			files = (
			);
			runOnlyForDeploymentPostprocessing = 0;
		};
/* End PBXResourcesBuildPhase section */

/* Begin PBXSourcesBuildPhase section */
		4C4CE9F91BAD3A01001D9DD8 /* Sources */ = {
			isa = PBXSourcesBuildPhase;
			buildActionMask = 2147483647;
			files = (
				4C4CEA081BAD3A01001D9DD8 /* ViewController.m in Sources */,
				4C4CEA051BAD3A01001D9DD8 /* AppDelegate.m in Sources */,
				4C4CEA021BAD3A01001D9DD8 /* main.m in Sources */,
			);
			runOnlyForDeploymentPostprocessing = 0;
		};
		4C4CEA121BAD3A01001D9DD8 /* Sources */ = {
			isa = PBXSourcesBuildPhase;
			buildActionMask = 2147483647;
			files = (
				4C4CEA1B1BAD3A01001D9DD8 /* _9___Tests.m in Sources */,
			);
			runOnlyForDeploymentPostprocessing = 0;
		};
		4C4CEA1D1BAD3A01001D9DD8 /* Sources */ = {
			isa = PBXSourcesBuildPhase;
			buildActionMask = 2147483647;
			files = (
				4C4CEA261BAD3A01001D9DD8 /* _9___UITests.m in Sources */,
			);
			runOnlyForDeploymentPostprocessing = 0;
		};
/* End PBXSourcesBuildPhase section */

/* Begin PBXTargetDependency section */
		4C4CEA181BAD3A01001D9DD8 /* PBXTargetDependency */ = {
			isa = PBXTargetDependency;
			target = 4C4CE9FC1BAD3A01001D9DD8 /* 09-彩票 */;
			targetProxy = 4C4CEA171BAD3A01001D9DD8 /* PBXContainerItemProxy */;
		};
		4C4CEA231BAD3A01001D9DD8 /* PBXTargetDependency */ = {
			isa = PBXTargetDependency;
			target = 4C4CE9FC1BAD3A01001D9DD8 /* 09-彩票 */;
			targetProxy = 4C4CEA221BAD3A01001D9DD8 /* PBXContainerItemProxy */;
		};
/* End PBXTargetDependency section */

/* Begin PBXVariantGroup section */
		4C4CEA091BAD3A01001D9DD8 /* Main.storyboard */ = {
			isa = PBXVariantGroup;
			children = (
				4C4CEA0A1BAD3A01001D9DD8 /* Base */,
			);
			name = Main.storyboard;
			sourceTree = "<group>";
		};
		4C4CEA0E1BAD3A01001D9DD8 /* LaunchScreen.storyboard */ = {
			isa = PBXVariantGroup;
			children = (
				4C4CEA0F1BAD3A01001D9DD8 /* Base */,
			);
			name = LaunchScreen.storyboard;
			sourceTree = "<group>";
		};
/* End PBXVariantGroup section */

/* Begin XCBuildConfiguration section */
		4C4CEA281BAD3A01001D9DD8 /* Debug */ = {
			isa = XCBuildConfiguration;
			buildSettings = {
				ALWAYS_SEARCH_USER_PATHS = NO;
				CLANG_CXX_LANGUAGE_STANDARD = "gnu++0x";
				CLANG_CXX_LIBRARY = "libc++";
				CLANG_ENABLE_MODULES = YES;
				CLANG_ENABLE_OBJC_ARC = YES;
				CLANG_WARN_BOOL_CONVERSION = YES;
				CLANG_WARN_CONSTANT_CONVERSION = YES;
				CLANG_WARN_DIRECT_OBJC_ISA_USAGE = YES_ERROR;
				CLANG_WARN_EMPTY_BODY = YES;
				CLANG_WARN_ENUM_CONVERSION = YES;
				CLANG_WARN_INT_CONVERSION = YES;
				CLANG_WARN_OBJC_ROOT_CLASS = YES_ERROR;
				CLANG_WARN_UNREACHABLE_CODE = YES;
				CLANG_WARN__DUPLICATE_METHOD_MATCH = YES;
				"CODE_SIGN_IDENTITY[sdk=iphoneos*]" = "iPhone Developer";
				COPY_PHASE_STRIP = NO;
				DEBUG_INFORMATION_FORMAT = dwarf;
				ENABLE_STRICT_OBJC_MSGSEND = YES;
				ENABLE_TESTABILITY = YES;
				GCC_C_LANGUAGE_STANDARD = gnu99;
				GCC_DYNAMIC_NO_PIC = NO;
				GCC_NO_COMMON_BLOCKS = YES;
				GCC_OPTIMIZATION_LEVEL = 0;
				GCC_PREPROCESSOR_DEFINITIONS = (
					"DEBUG=1",
					"$(inherited)",
				);
				GCC_WARN_64_TO_32_BIT_CONVERSION = YES;
				GCC_WARN_ABOUT_RETURN_TYPE = YES_ERROR;
				GCC_WARN_UNDECLARED_SELECTOR = YES;
				GCC_WARN_UNINITIALIZED_AUTOS = YES_AGGRESSIVE;
				GCC_WARN_UNUSED_FUNCTION = YES;
				GCC_WARN_UNUSED_VARIABLE = YES;
				IPHONEOS_DEPLOYMENT_TARGET = 9.0;
				MTL_ENABLE_DEBUG_INFO = YES;
				ONLY_ACTIVE_ARCH = YES;
				SDKROOT = iphoneos;
			};
			name = Debug;
		};
		4C4CEA291BAD3A01001D9DD8 /* Release */ = {
			isa = XCBuildConfiguration;
			buildSettings = {
				ALWAYS_SEARCH_USER_PATHS = NO;
				CLANG_CXX_LANGUAGE_STANDARD = "gnu++0x";
				CLANG_CXX_LIBRARY = "libc++";
				CLANG_ENABLE_MODULES = YES;
				CLANG_ENABLE_OBJC_ARC = YES;
				CLANG_WARN_BOOL_CONVERSION = YES;
				CLANG_WARN_CONSTANT_CONVERSION = YES;
				CLANG_WARN_DIRECT_OBJC_ISA_USAGE = YES_ERROR;
				CLANG_WARN_EMPTY_BODY = YES;
				CLANG_WARN_ENUM_CONVERSION = YES;
				CLANG_WARN_INT_CONVERSION = YES;
				CLANG_WARN_OBJC_ROOT_CLASS = YES_ERROR;
				CLANG_WARN_UNREACHABLE_CODE = YES;
				CLANG_WARN__DUPLICATE_METHOD_MATCH = YES;
				"CODE_SIGN_IDENTITY[sdk=iphoneos*]" = "iPhone Developer";
				COPY_PHASE_STRIP = NO;
				DEBUG_INFORMATION_FORMAT = "dwarf-with-dsym";
				ENABLE_NS_ASSERTIONS = NO;
				ENABLE_STRICT_OBJC_MSGSEND = YES;
				GCC_C_LANGUAGE_STANDARD = gnu99;
				GCC_NO_COMMON_BLOCKS = YES;
				GCC_WARN_64_TO_32_BIT_CONVERSION = YES;
				GCC_WARN_ABOUT_RETURN_TYPE = YES_ERROR;
				GCC_WARN_UNDECLARED_SELECTOR = YES;
				GCC_WARN_UNINITIALIZED_AUTOS = YES_AGGRESSIVE;
				GCC_WARN_UNUSED_FUNCTION = YES;
				GCC_WARN_UNUSED_VARIABLE = YES;
				IPHONEOS_DEPLOYMENT_TARGET = 9.0;
				MTL_ENABLE_DEBUG_INFO = NO;
				SDKROOT = iphoneos;
				VALIDATE_PRODUCT = YES;
			};
			name = Release;
		};
		4C4CEA2B1BAD3A01001D9DD8 /* Debug */ = {
			isa = XCBuildConfiguration;
			buildSettings = {
				ASSETCATALOG_COMPILER_APPICON_NAME = AppIcon;
				INFOPLIST_FILE = "09-彩票/Info.plist";
				LD_RUNPATH_SEARCH_PATHS = "$(inherited) @executable_path/Frameworks";
				PRODUCT_BUNDLE_IDENTIFIER = "Barry.-9---";
				PRODUCT_NAME = "$(TARGET_NAME)";
			};
			name = Debug;
		};
		4C4CEA2C1BAD3A01001D9DD8 /* Release */ = {
			isa = XCBuildConfiguration;
			buildSettings = {
				ASSETCATALOG_COMPILER_APPICON_NAME = AppIcon;
				INFOPLIST_FILE = "09-彩票/Info.plist";
				LD_RUNPATH_SEARCH_PATHS = "$(inherited) @executable_path/Frameworks";
				PRODUCT_BUNDLE_IDENTIFIER = "Barry.-9---";
				PRODUCT_NAME = "$(TARGET_NAME)";
			};
			name = Release;
		};
		4C4CEA2E1BAD3A01001D9DD8 /* Debug */ = {
			isa = XCBuildConfiguration;
			buildSettings = {
				BUNDLE_LOADER = "$(TEST_HOST)";
				INFOPLIST_FILE = "09-彩票Tests/Info.plist";
				LD_RUNPATH_SEARCH_PATHS = "$(inherited) @executable_path/Frameworks @loader_path/Frameworks";
				PRODUCT_BUNDLE_IDENTIFIER = "Barry.-9---Tests";
				PRODUCT_NAME = "$(TARGET_NAME)";
				TEST_HOST = "$(BUILT_PRODUCTS_DIR)/09-彩票.app/09-彩票";
			};
			name = Debug;
		};
		4C4CEA2F1BAD3A01001D9DD8 /* Release */ = {
			isa = XCBuildConfiguration;
			buildSettings = {
				BUNDLE_LOADER = "$(TEST_HOST)";
				INFOPLIST_FILE = "09-彩票Tests/Info.plist";
				LD_RUNPATH_SEARCH_PATHS = "$(inherited) @executable_path/Frameworks @loader_path/Frameworks";
				PRODUCT_BUNDLE_IDENTIFIER = "Barry.-9---Tests";
				PRODUCT_NAME = "$(TARGET_NAME)";
				TEST_HOST = "$(BUILT_PRODUCTS_DIR)/09-彩票.app/09-彩票";
			};
			name = Release;
		};
		4C4CEA311BAD3A01001D9DD8 /* Debug */ = {
			isa = XCBuildConfiguration;
			buildSettings = {
				INFOPLIST_FILE = "09-彩票UITests/Info.plist";
				LD_RUNPATH_SEARCH_PATHS = "$(inherited) @executable_path/Frameworks @loader_path/Frameworks";
				PRODUCT_BUNDLE_IDENTIFIER = "Barry.-9---UITests";
				PRODUCT_NAME = "$(TARGET_NAME)";
				TEST_TARGET_NAME = "09-彩票";
				USES_XCTRUNNER = YES;
			};
			name = Debug;
		};
		4C4CEA321BAD3A01001D9DD8 /* Release */ = {
			isa = XCBuildConfiguration;
			buildSettings = {
				INFOPLIST_FILE = "09-彩票UITests/Info.plist";
				LD_RUNPATH_SEARCH_PATHS = "$(inherited) @executable_path/Frameworks @loader_path/Frameworks";
				PRODUCT_BUNDLE_IDENTIFIER = "Barry.-9---UITests";
				PRODUCT_NAME = "$(TARGET_NAME)";
				TEST_TARGET_NAME = "09-彩票";
				USES_XCTRUNNER = YES;
			};
			name = Release;
		};
/* End XCBuildConfiguration section */

/* Begin XCConfigurationList section */
		4C4CE9F81BAD3A01001D9DD8 /* Build configuration list for PBXProject "09-彩票" */ = {
			isa = XCConfigurationList;
			buildConfigurations = (
				4C4CEA281BAD3A01001D9DD8 /* Debug */,
				4C4CEA291BAD3A01001D9DD8 /* Release */,
			);
			defaultConfigurationIsVisible = 0;
			defaultConfigurationName = Release;
		};
		4C4CEA2A1BAD3A01001D9DD8 /* Build configuration list for PBXNativeTarget "09-彩票" */ = {
			isa = XCConfigurationList;
			buildConfigurations = (
				4C4CEA2B1BAD3A01001D9DD8 /* Debug */,
				4C4CEA2C1BAD3A01001D9DD8 /* Release */,
			);
			defaultConfigurationIsVisible = 0;
		};
		4C4CEA2D1BAD3A01001D9DD8 /* Build configuration list for PBXNativeTarget "09-彩票Tests" */ = {
			isa = XCConfigurationList;
			buildConfigurations = (
				4C4CEA2E1BAD3A01001D9DD8 /* Debug */,
				4C4CEA2F1BAD3A01001D9DD8 /* Release */,
			);
			defaultConfigurationIsVisible = 0;
		};
		4C4CEA301BAD3A01001D9DD8 /* Build configuration list for PBXNativeTarget "09-彩票UITests" */ = {
			isa = XCConfigurationList;
			buildConfigurations = (
				4C4CEA311BAD3A01001D9DD8 /* Debug */,
				4C4CEA321BAD3A01001D9DD8 /* Release */,
			);
			defaultConfigurationIsVisible = 0;
		};
/* End XCConfigurationList section */
	};
	rootObject = 4C4CE9F51BAD3A01001D9DD8 /* Project object */;
}
